
Microsoft Visual Studio Solution File, Format Version 12.00
# Visual Studio Version 16
VisualStudioVersion = 16.0.31729.503
MinimumVisualStudioVersion = 10.0.40219.1
Project("{FAE04EC0-301F-11D3-BF4B-00C04F79EFBC}") = "Kondrikov_lr5", "Kondrikov_lr5\Kondrikov_lr5.csproj", "{B30463AB-F071-46E4-A8A9-B8E7B51FA71E}"
EndProject
Global
	GlobalSection(SolutionConfigurationPlatforms) = preSolution
		Debug|Any CPU = Debug|Any CPU
		Release|Any CPU = Release|Any CPU
	EndGlobalSection
	GlobalSection(ProjectConfigurationPlatforms) = postSolution
		{B30463AB-F071-46E4-A8A9-B8E7B51FA71E}.Debug|Any CPU.ActiveCfg = Debug|Any CPU
		{B30463AB-F071-46E4-A8A9-B8E7B51FA71E}.Debug|Any CPU.Build.0 = Debug|Any CPU
		{B30463AB-F071-46E4-A8A9-B8E7B51FA71E}.Release|Any CPU.ActiveCfg = Release|Any CPU
		{B30463AB-F071-46E4-A8A9-B8E7B51FA71E}.Release|Any CPU.Build.0 = Release|Any CPU
	EndGlobalSection
	GlobalSection(SolutionProperties) = preSolution
		HideSolutionNode = FALSE
	EndGlobalSection
	GlobalSection(ExtensibilityGlobals) = postSolution
		SolutionGuid = {4691116E-447E-4BD6-BF25-85A31745CDC8}
	EndGlobalSection
EndGlobal
